
Microsoft Visual Studio Solution File, Format Version 12.00
# Visual Studio 15
VisualStudioVersion = 15.0.26730.8
MinimumVisualStudioVersion = 10.0.40219.1
Project("{9A19103F-16F7-4668-BE54-9A1E7A4F7556}") = "fulbitorest", "FulbitoRest\fulbitorest.csproj", "{FB7F550B-574E-434C-B69D-33C2A1AD7DC4}"
EndProject
Project("{FAE04EC0-301F-11D3-BF4B-00C04F79EFBC}") = "apidata", "apidata\apidata.csproj", "{1CB1F034-8140-4AC1-A286-33D9AE628C83}"
EndProject
Global
	GlobalSection(SolutionConfigurationPlatforms) = preSolution
		Debug|Any CPU = Debug|Any CPU
		Release|Any CPU = Release|Any CPU
	EndGlobalSection
	GlobalSection(ProjectConfigurationPlatforms) = postSolution
		{FB7F550B-574E-434C-B69D-33C2A1AD7DC4}.Debug|Any CPU.ActiveCfg = Debug|Any CPU
		{FB7F550B-574E-434C-B69D-33C2A1AD7DC4}.Debug|Any CPU.Build.0 = Debug|Any CPU
		{FB7F550B-574E-434C-B69D-33C2A1AD7DC4}.Release|Any CPU.ActiveCfg = Release|Any CPU
		{FB7F550B-574E-434C-B69D-33C2A1AD7DC4}.Release|Any CPU.Build.0 = Release|Any CPU
		{1CB1F034-8140-4AC1-A286-33D9AE628C83}.Debug|Any CPU.ActiveCfg = Debug|Any CPU
		{1CB1F034-8140-4AC1-A286-33D9AE628C83}.Debug|Any CPU.Build.0 = Debug|Any CPU
		{1CB1F034-8140-4AC1-A286-33D9AE628C83}.Release|Any CPU.ActiveCfg = Release|Any CPU
		{1CB1F034-8140-4AC1-A286-33D9AE628C83}.Release|Any CPU.Build.0 = Release|Any CPU
	EndGlobalSection
	GlobalSection(SolutionProperties) = preSolution
		HideSolutionNode = FALSE
	EndGlobalSection
	GlobalSection(ExtensibilityGlobals) = postSolution
		SolutionGuid = {0971A1EC-DF12-4E0A-9989-1DCF1417D105}
	EndGlobalSection
EndGlobal
